
Microsoft Visual Studio Solution File, Format Version 12.00
# Visual Studio Version 17
VisualStudioVersion = 17.11.35312.102
MinimumVisualStudioVersion = 10.0.40219.1
Project("{FAE04EC0-301F-11D3-BF4B-00C04F79EFBC}") = "Desktop", "Desktop\Desktop.csproj", "{DDB49F84-C112-4332-AB5A-A26CFBEE6E34}"
EndProject
Project("{FAE04EC0-301F-11D3-BF4B-00C04F79EFBC}") = "Todo.Entities", "Todo.Entities\Todo.Entities.csproj", "{2045B113-E4C5-4635-9E4C-6454BFA6E171}"
EndProject
Global
	GlobalSection(SolutionConfigurationPlatforms) = preSolution
		Debug|Any CPU = Debug|Any CPU
		Release|Any CPU = Release|Any CPU
	EndGlobalSection
	GlobalSection(ProjectConfigurationPlatforms) = postSolution
		{DDB49F84-C112-4332-AB5A-A26CFBEE6E34}.Debug|Any CPU.ActiveCfg = Debug|Any CPU
		{DDB49F84-C112-4332-AB5A-A26CFBEE6E34}.Debug|Any CPU.Build.0 = Debug|Any CPU
		{DDB49F84-C112-4332-AB5A-A26CFBEE6E34}.Release|Any CPU.ActiveCfg = Release|Any CPU
		{DDB49F84-C112-4332-AB5A-A26CFBEE6E34}.Release|Any CPU.Build.0 = Release|Any CPU
		{2045B113-E4C5-4635-9E4C-6454BFA6E171}.Debug|Any CPU.ActiveCfg = Debug|Any CPU
		{2045B113-E4C5-4635-9E4C-6454BFA6E171}.Debug|Any CPU.Build.0 = Debug|Any CPU
		{2045B113-E4C5-4635-9E4C-6454BFA6E171}.Release|Any CPU.ActiveCfg = Release|Any CPU
		{2045B113-E4C5-4635-9E4C-6454BFA6E171}.Release|Any CPU.Build.0 = Release|Any CPU
	EndGlobalSection
	GlobalSection(SolutionProperties) = preSolution
		HideSolutionNode = FALSE
	EndGlobalSection
	GlobalSection(ExtensibilityGlobals) = postSolution
		SolutionGuid = {CAB21095-0D6F-4D5C-8661-8ADBC0F5DD6B}
	EndGlobalSection
EndGlobal
